PODS:
  - external_path (2.0.1):
    - Flutter
  - Flutter (1.0.0)
  - open_filex (0.0.2):
    - Flutter
  - unique_identifier (0.0.1):
    - Flutter

DEPENDENCIES:
  - external_path (from `.symlinks/plugins/external_path/ios`)
  - Flutter (from `Flutter`)
  - open_filex (from `.symlinks/plugins/open_filex/ios`)
  - unique_identifier (from `.symlinks/plugins/unique_identifier/ios`)

EXTERNAL SOURCES:
  external_path:
    :path: ".symlinks/plugins/external_path/ios"
  Flutter:
    :path: Flutter
  open_filex:
    :path: ".symlinks/plugins/open_filex/ios"
  unique_identifier:
    :path: ".symlinks/plugins/unique_identifier/ios"

SPEC CHECKSUMS:
  external_path: 2594f1f0d6afcff9e202cfe9c8908dd605b86f32
  Flutter: cabc95a1d2626b1b06e7179b784ebcf0c0cde467
  open_filex: 6e26e659846ec990262224a12ef1c528bb4edbe4
  unique_identifier: 5b4b48cfe07a95df6aa11746944c0dce22ab5400

PODFILE CHECKSUM: 0dbd5a87e0ace00c9610d2037ac22083a01f861d

COCOAPODS: 1.16.2
